
Microsoft Visual Studio Solution File, Format Version 12.00
# Visual Studio 2013
VisualStudioVersion = 12.0.21005.1
MinimumVisualStudioVersion = 10.0.40219.1
Project("{FAE04EC0-301F-11D3-BF4B-00C04F79EFBC}") = "ClassPracticeVp", "ClassPracticeVp\ClassPracticeVp.csproj", "{5F3A48AF-6F01-483D-A178-4771E78FF8DB}"
EndProject
Global
	GlobalSection(SolutionConfigurationPlatforms) = preSolution
		Debug|Any CPU = Debug|Any CPU
		Release|Any CPU = Release|Any CPU
	EndGlobalSection
	GlobalSection(ProjectConfigurationPlatforms) = postSolution
		{5F3A48AF-6F01-483D-A178-4771E78FF8DB}.Debug|Any CPU.ActiveCfg = Debug|Any CPU
		{5F3A48AF-6F01-483D-A178-4771E78FF8DB}.Debug|Any CPU.Build.0 = Debug|Any CPU
		{5F3A48AF-6F01-483D-A178-4771E78FF8DB}.Release|Any CPU.ActiveCfg = Release|Any CPU
		{5F3A48AF-6F01-483D-A178-4771E78FF8DB}.Release|Any CPU.Build.0 = Release|Any CPU
	EndGlobalSection
	GlobalSection(SolutionProperties) = preSolution
		HideSolutionNode = FALSE
	EndGlobalSection
EndGlobal
